{
  "nodes": {
    "nixpkgs": {
      "locked": {
        "lastModified": 1771728655,
        "narHash": "sha256-65Uz4VHvXdt3fAV0NAtUcPBCBC3JETo0R/YzJPNaejs=",
        "owner": "nixos",
        "repo": "nixpkgs",
        "rev": "ff2b2b96048dac2283b8922920af3a2c600eb189",
        "type": "github"
      },
      "original": {
        "owner": "nixos",
        "repo": "nixpkgs",
        "type": "github"
      }
    },
    "root": {
      "inputs": {
        "nixpkgs": "nixpkgs",
        "wild-linker": "wild-linker"
      }
    },
    "wild-linker": {
      "flake": false,
      "locked": {
        "lastModified": 1771668301,
        "narHash": "sha256-LC2LX0P9UQyxARXaG3+Wu4mnXkU5tYG8GMyG0mpHL2Q=",
        "owner": "davidlattimore",
        "repo": "wild",
        "rev": "1b705e6a3f965d8087f7d5b11eaad3a522ff8d43",
        "type": "github"
      },
      "original": {
        "owner": "davidlattimore",
        "repo": "wild",
        "type": "github"
      }
    }
  },
  "root": "root",
  "version": 7
}
