{
  "nodes": {
    "nixpkgs": {
      "locked": {
        "lastModified": 1771129128,
        "narHash": "sha256-zi224RqZ0dlo44oOMJTzQiRdNa5sJ2UjGiDgpK4xJeM=",
        "owner": "NixOS",
        "repo": "nixpkgs",
        "rev": "626a1db9776eb9db61b1e1f394d928505162cf69",
        "type": "github"
      },
      "original": {
        "owner": "NixOS",
        "repo": "nixpkgs",
        "type": "github"
      }
    },
    "nixpkgs_2": {
      "locked": {
        "lastModified": 1771125732,
        "narHash": "sha256-2zhpQZ81CRRih2YNtmN3viTgfS9V+GVdzj9qZAD0U0k=",
        "owner": "NixOS",
        "repo": "nixpkgs",
        "rev": "17173c33d2e975c4dd2eb53385485dad7b20b355",
        "type": "github"
      },
      "original": {
        "owner": "NixOS",
        "repo": "nixpkgs",
        "type": "github"
      }
    },
    "root": {
      "inputs": {
        "nixpkgs": "nixpkgs",
        "zig-flake": "zig-flake"
      }
    },
    "zig": {
      "flake": false,
      "locked": {
        "lastModified": 1771108503,
        "narHash": "sha256-lnxuYG8FcLpBiUmIcP3UXZY/HnWi6qr4igJ7V19J3Ko=",
        "ref": "refs/heads/master",
        "rev": "c6eeae8a8c2314fd35b5baddb18f33b0122d319f",
        "revCount": 37171,
        "type": "git",
        "url": "https://codeberg.org/ziglang/zig"
      },
      "original": {
        "type": "git",
        "url": "https://codeberg.org/ziglang/zig"
      }
    },
    "zig-flake": {
      "inputs": {
        "nixpkgs": "nixpkgs_2",
        "zig": "zig",
        "zls": "zls"
      },
      "locked": {
        "lastModified": 1771131848,
        "narHash": "sha256-mlKLglJwYDC2qwdsZSf5s4PqIT157AoRW2sSyOD4gAE=",
        "owner": "zix-os",
        "repo": "zig-flake",
        "rev": "2eeb936d437b167cc6a1655fa9185f0175aef006",
        "type": "github"
      },
      "original": {
        "owner": "zix-os",
        "repo": "zig-flake",
        "type": "github"
      }
    },
    "zls": {
      "flake": false,
      "locked": {
        "lastModified": 1770898894,
        "narHash": "sha256-9SrrOnyEOPoMxoB9jgi4CBokCLda3nSBBbJ3wAqOmrg=",
        "owner": "zigtools",
        "repo": "zls",
        "rev": "0e289f5c4df4ee91fb888414c1b8a4b096e3cdb8",
        "type": "github"
      },
      "original": {
        "owner": "zigtools",
        "repo": "zls",
        "type": "github"
      }
    }
  },
  "root": "root",
  "version": 7
}
